{
  "requires": true,
  "lockfileVersion": 1,
  "dependencies": {
    "@babel/runtime": {
      "version": "7.19.0",
      "resolved": "https://registry.npmjs.org/@babel/runtime/-/runtime-7.19.0.tgz",
      "integrity": "sha512-eR8Lo9hnDS7tqkO7NsV+mKvCmv5boaXFSZ70DnfhcgiEne8hv9oCEd36Klw74EtizEqLsy4YnW8UWwpBVolHZA==",
      "requires": {
        "regenerator-runtime": "^0.13.4"
      }
    },
    "@types/d3-color": {
      "version": "3.1.0",
      "resolved": "https://registry.npmjs.org/@types/d3-color/-/d3-color-3.1.0.tgz",
      "integrity": "sha512-HKuicPHJuvPgCD+np6Se9MQvS6OCbJmOjGvylzMJRlDwUXjKTTXs6Pwgk79O09Vj/ho3u1ofXnhFOaEWWPrlwA=="
    },
    "@types/d3-interpolate": {
      "version": "3.0.1",
      "resolved": "https://registry.npmjs.org/@types/d3-interpolate/-/d3-interpolate-3.0.1.tgz",
      "integrity": "sha512-jx5leotSeac3jr0RePOH1KdR9rISG91QIE4Q2PYTu4OymLTZfA3SrnURSLzKH48HmXVUru50b8nje4E79oQSQw==",
      "requires": {
        "@types/d3-color": "*"
      }
    },
    "@types/d3-path": {
      "version": "3.0.0",
      "resolved": "https://registry.npmjs.org/@types/d3-path/-/d3-path-3.0.0.tgz",
      "integrity": "sha512-0g/A+mZXgFkQxN3HniRDbXMN79K3CdTpLsevj+PXiTcb2hVyvkZUBg37StmgCQkaD84cUJ4uaDAWq7UJOQy2Tg=="
    },
    "@types/d3-scale": {
      "version": "4.0.2",
      "resolved": "https://registry.npmjs.org/@types/d3-scale/-/d3-scale-4.0.2.tgz",
      "integrity": "sha512-Yk4htunhPAwN0XGlIwArRomOjdoBFXC3+kCxK2Ubg7I9shQlVSJy/pG/Ht5ASN+gdMIalpk8TJ5xV74jFsetLA==",
      "requires": {
        "@types/d3-time": "*"
      }
    },
    "@types/d3-shape": {
      "version": "3.1.0",
      "resolved": "https://registry.npmjs.org/@types/d3-shape/-/d3-shape-3.1.0.tgz",
      "integrity": "sha512-jYIYxFFA9vrJ8Hd4Se83YI6XF+gzDL1aC5DCsldai4XYYiVNdhtpGbA/GM6iyQ8ayhSp3a148LY34hy7A4TxZA==",
      "requires": {
        "@types/d3-path": "*"
      }
    },
    "@types/d3-time": {
      "version": "3.0.0",
      "resolved": "https://registry.npmjs.org/@types/d3-time/-/d3-time-3.0.0.tgz",
      "integrity": "sha512-sZLCdHvBUcNby1cB6Fd3ZBrABbjz3v1Vm90nysCQ6Vt7vd6e/h9Lt7SiJUoEX0l4Dzc7P5llKyhqSi1ycSf1Hg=="
    },
    "apexcharts": {
      "version": "3.8.2",
      "resolved": "https://registry.npmjs.org/apexcharts/-/apexcharts-3.8.2.tgz",
      "integrity": "sha512-3k30M1FlVT9JjtTZf6xUl7pExUmWnbXCMM6ajrsaMW0NorFBens7BWsYCaCxbBAavvJOlxeu0W6RbL8kBQiopA==",
      "requires": {
        "promise-polyfill": "8.1.0",
        "svg.draggable.js": "^2.2.2",
        "svg.easing.js": "^2.0.0",
        "svg.filter.js": "^2.0.2",
        "svg.pathmorphing.js": "^0.1.3",
        "svg.resize.js": "^1.4.3",
        "svg.select.js": "^2.1.2"
      }
    },
    "classnames": {
      "version": "2.3.2",
      "resolved": "https://registry.npmjs.org/classnames/-/classnames-2.3.2.tgz",
      "integrity": "sha512-CSbhY4cFEJRe6/GQzIk5qXZ4Jeg5pcsP7b5peFSDpffpe1cqjASH/n9UTjBwOp6XpMSTwQ8Za2K5V02ueA7Tmw=="
    },
    "css-unit-converter": {
      "version": "1.1.2",
      "resolved": "https://registry.npmjs.org/css-unit-converter/-/css-unit-converter-1.1.2.tgz",
      "integrity": "sha512-IiJwMC8rdZE0+xiEZHeru6YoONC4rfPMqGm2W85jMIbkFvv5nFTwJVFHam2eFrN6txmoUYFAFXiv8ICVeTO0MA=="
    },
    "d3-array": {
      "version": "3.2.0",
      "resolved": "https://registry.npmjs.org/d3-array/-/d3-array-3.2.0.tgz",
      "integrity": "sha512-3yXFQo0oG3QCxbF06rMPFyGRMGJNS7NvsV1+2joOjbBE+9xvWQ8+GcMJAjRCzw06zQ3/arXeJgbPYcjUCuC+3g==",
      "requires": {
        "internmap": "1 - 2"
      }
    },
    "d3-color": {
      "version": "3.1.0",
      "resolved": "https://registry.npmjs.org/d3-color/-/d3-color-3.1.0.tgz",
      "integrity": "sha512-zg/chbXyeBtMQ1LbD/WSoW2DpC3I0mpmPdW+ynRTj/x2DAWYrIY7qeZIHidozwV24m4iavr15lNwIwLxRmOxhA=="
    },
    "d3-format": {
      "version": "3.1.0",
      "resolved": "https://registry.npmjs.org/d3-format/-/d3-format-3.1.0.tgz",
      "integrity": "sha512-YyUI6AEuY/Wpt8KWLgZHsIU86atmikuoOmCfommt0LYHiQSPjvX2AcFc38PX0CBpr2RCyZhjex+NS/LPOv6YqA=="
    },
    "d3-interpolate": {
      "version": "3.0.1",
      "resolved": "https://registry.npmjs.org/d3-interpolate/-/d3-interpolate-3.0.1.tgz",
      "integrity": "sha512-3bYs1rOD33uo8aqJfKP3JWPAibgw8Zm2+L9vBKEHJ2Rg+viTR7o5Mmv5mZcieN+FRYaAOWX5SJATX6k1PWz72g==",
      "requires": {
        "d3-color": "1 - 3"
      }
    },
    "d3-path": {
      "version": "3.0.1",
      "resolved": "https://registry.npmjs.org/d3-path/-/d3-path-3.0.1.tgz",
      "integrity": "sha512-gq6gZom9AFZby0YLduxT1qmrp4xpBA1YZr19OI717WIdKE2OM5ETq5qrHLb301IgxhLwcuxvGZVLeeWc/k1I6w=="
    },
    "d3-scale": {
      "version": "4.0.2",
      "resolved": "https://registry.npmjs.org/d3-scale/-/d3-scale-4.0.2.tgz",
      "integrity": "sha512-GZW464g1SH7ag3Y7hXjf8RoUuAFIqklOAq3MRl4OaWabTFJY9PN/E1YklhXLh+OQ3fM9yS2nOkCoS+WLZ6kvxQ==",
      "requires": {
        "d3-array": "2.10.0 - 3",
        "d3-format": "1 - 3",
        "d3-interpolate": "1.2.0 - 3",
        "d3-time": "2.1.1 - 3",
        "d3-time-format": "2 - 4"
      }
    },
    "d3-shape": {
      "version": "3.1.0",
      "resolved": "https://registry.npmjs.org/d3-shape/-/d3-shape-3.1.0.tgz",
      "integrity": "sha512-tGDh1Muf8kWjEDT/LswZJ8WF85yDZLvVJpYU9Nq+8+yW1Z5enxrmXOhTArlkaElU+CTn0OTVNli+/i+HP45QEQ==",
      "requires": {
        "d3-path": "1 - 3"
      }
    },
    "d3-time": {
      "version": "3.0.0",
      "resolved": "https://registry.npmjs.org/d3-time/-/d3-time-3.0.0.tgz",
      "integrity": "sha512-zmV3lRnlaLI08y9IMRXSDshQb5Nj77smnfpnd2LrBa/2K281Jijactokeak14QacHs/kKq0AQ121nidNYlarbQ==",
      "requires": {
        "d3-array": "2 - 3"
      }
    },
    "d3-time-format": {
      "version": "4.1.0",
      "resolved": "https://registry.npmjs.org/d3-time-format/-/d3-time-format-4.1.0.tgz",
      "integrity": "sha512-dJxPBlzC7NugB2PDLwo9Q8JiTR3M3e4/XANkreKSUxF8vvXKqm1Yfq4Q5dl8budlunRVlUUaDUgFt7eA8D6NLg==",
      "requires": {
        "d3-time": "1 - 3"
      }
    },
    "decimal.js-light": {
      "version": "2.5.1",
      "resolved": "https://registry.npmjs.org/decimal.js-light/-/decimal.js-light-2.5.1.tgz",
      "integrity": "sha512-qIMFpTMZmny+MMIitAB6D7iVPEorVw6YQRWkvarTkT4tBeSLLiHzcwj6q0MmYSFCiVpiqPJTJEYIrpcPzVEIvg=="
    },
    "deepmerge": {
      "version": "3.3.0",
      "resolved": "https://registry.npmjs.org/deepmerge/-/deepmerge-3.3.0.tgz",
      "integrity": "sha512-GRQOafGHwMHpjPx9iCvTgpu9NojZ49q794EEL94JVEw6VaeA8XTUyBKvAkOOjBX9oJNiV6G3P+T+tihFjo2TqA=="
    },
    "dom-helpers": {
      "version": "3.4.0",
      "resolved": "https://registry.npmjs.org/dom-helpers/-/dom-helpers-3.4.0.tgz",
      "integrity": "sha512-LnuPJ+dwqKDIyotW1VzmOZ5TONUN7CwkCR5hrgawTUbkBGYdeoNLZo6nNfGkCrjtE1nXXaj7iMMpDa8/d9WoIA==",
      "requires": {
        "@babel/runtime": "^7.1.2"
      }
    },
    "eventemitter3": {
      "version": "4.0.7",
      "resolved": "https://registry.npmjs.org/eventemitter3/-/eventemitter3-4.0.7.tgz",
      "integrity": "sha512-8guHBZCwKnFhYdHr2ysuRWErTwhoN2X8XELRlrRwpmfeY2jjuUN4taQMsULKUVo1K4DvZl+0pgfyoysHxvmvEw=="
    },
    "fast-equals": {
      "version": "2.0.4",
      "resolved": "https://registry.npmjs.org/fast-equals/-/fast-equals-2.0.4.tgz",
      "integrity": "sha512-caj/ZmjHljPrZtbzJ3kfH5ia/k4mTJe/qSiXAGzxZWRZgsgDV0cvNaQULqUX8t0/JVlzzEdYOwCN5DmzTxoD4w=="
    },
    "internmap": {
      "version": "2.0.3",
      "resolved": "https://registry.npmjs.org/internmap/-/internmap-2.0.3.tgz",
      "integrity": "sha512-5Hh7Y1wQbvY5ooGgPbDaL5iYLAPzMTUrjMulskHLH6wnv/A+1q5rgEaiuqEjB+oxGXIVZs1FF+R/KPN3ZSQYYg=="
    },
    "js-tokens": {
      "version": "4.0.0",
      "resolved": "https://registry.npmjs.org/js-tokens/-/js-tokens-4.0.0.tgz",
      "integrity": "sha512-RdJUflcE3cUzKiMqQgsCu06FPu9UdIJO0beYbPhHN4k6apgJtifcoCtT9bcxOpYBtpD2kCM6Sbzg4CausW/PKQ=="
    },
    "load-script": {
      "version": "1.0.0",
      "resolved": "https://registry.npmjs.org/load-script/-/load-script-1.0.0.tgz",
      "integrity": "sha1-BJGTngvuVkPuSUp+PaPSuscMbKQ="
    },
    "lodash": {
      "version": "4.17.21",
      "resolved": "https://registry.npmjs.org/lodash/-/lodash-4.17.21.tgz",
      "integrity": "sha512-v2kDEe57lecTulaDIuNTPy3Ry4gLGJ6Z1O3vE1krgXZNrsQ+LFTGHVxVjcXPs17LhbZVGedAJv8XZ1tvj5FvSg=="
    },
    "loose-envify": {
      "version": "1.4.0",
      "resolved": "https://registry.npmjs.org/loose-envify/-/loose-envify-1.4.0.tgz",
      "integrity": "sha512-lyuxPGr/Wfhrlem2CL/UcnUc1zcqKAImBDzukY7Y5F/yQiNdko6+fRLevlw1HgMySw7f611UIY408EtxRSoK3Q==",
      "requires": {
        "js-tokens": "^3.0.0 || ^4.0.0"
      }
    },
    "object-assign": {
      "version": "4.1.1",
      "resolved": "https://registry.npmjs.org/object-assign/-/object-assign-4.1.1.tgz",
      "integrity": "sha1-IQmtx5ZYh8/AXLvUQsrIv7s2CGM="
    },
    "postcss-value-parser": {
      "version": "3.3.1",
      "resolved": "https://registry.npmjs.org/postcss-value-parser/-/postcss-value-parser-3.3.1.tgz",
      "integrity": "sha512-pISE66AbVkp4fDQ7VHBwRNXzAAKJjw4Vw7nWI/+Q3vuly7SNfgYXvm6i5IgFylHGK5sP/xHAbB7N49OS4gWNyQ=="
    },
    "promise-polyfill": {
      "version": "8.1.0",
      "resolved": "https://registry.npmjs.org/promise-polyfill/-/promise-polyfill-8.1.0.tgz",
      "integrity": "sha512-OzSf6gcCUQ01byV4BgwyUCswlaQQ6gzXc23aLQWhicvfX9kfsUiUhgt3CCQej8jDnl8/PhGF31JdHX2/MzF3WA=="
    },
    "prop-types": {
      "version": "15.7.2",
      "resolved": "https://registry.npmjs.org/prop-types/-/prop-types-15.7.2.tgz",
      "integrity": "sha512-8QQikdH7//R2vurIJSutZ1smHYTcLpRWEOlHnzcWHmBYrOGUysKwSsrC89BCiFj3CbrfJ/nXFdJepOVrY1GCHQ==",
      "requires": {
        "loose-envify": "^1.4.0",
        "object-assign": "^4.1.1",
        "react-is": "^16.8.1"
      }
    },
    "react": {
      "version": "16.8.6",
      "resolved": "https://registry.npmjs.org/react/-/react-16.8.6.tgz",
      "integrity": "sha512-pC0uMkhLaHm11ZSJULfOBqV4tIZkx87ZLvbbQYunNixAAvjnC+snJCg0XQXn9VIsttVsbZP/H/ewzgsd5fxKXw==",
      "requires": {
        "loose-envify": "^1.1.0",
        "object-assign": "^4.1.1",
        "prop-types": "^15.6.2",
        "scheduler": "^0.13.6"
      }
    },
    "react-apexcharts": {
      "version": "1.3.3",
      "resolved": "https://registry.npmjs.org/react-apexcharts/-/react-apexcharts-1.3.3.tgz",
      "integrity": "sha512-8QztjzXnDwQc2lkhTstyB3DvICqn7aiW1m+GLIz2r8+kBBKW0LAOIud/khR/4pN8xvhM3FITcGPDConUvI/AbQ==",
      "requires": {
        "prop-types": "^15.5.7"
      }
    },
    "react-is": {
      "version": "16.8.6",
      "resolved": "https://registry.npmjs.org/react-is/-/react-is-16.8.6.tgz",
      "integrity": "sha512-aUk3bHfZ2bRSVFFbbeVS4i+lNPZr3/WM5jT2J5omUVV1zzcs1nAaf3l51ctA5FFvCRbhrH0bdAsRRQddFJZPtA=="
    },
    "react-lifecycles-compat": {
      "version": "3.0.4",
      "resolved": "https://registry.npmjs.org/react-lifecycles-compat/-/react-lifecycles-compat-3.0.4.tgz",
      "integrity": "sha512-fBASbA6LnOU9dOU2eW7aQ8xmYBSXUIWr+UmF9b1efZBazGNO+rcXT/icdKnYm2pTwcRylVUYwW7H1PHfLekVzA=="
    },
    "react-mail-form": {
      "version": "1.0.3",
      "resolved": "https://registry.npmjs.org/react-mail-form/-/react-mail-form-1.0.3.tgz",
      "integrity": "sha512-wZ+3su45K6ejAHpos4BybShtUeWtXUn+KaNEc+DU8khtHN73YuA3+HcqizJrekNnsvof4oUnuHUpQKriT+tJ+w==",
      "requires": {
        "prop-types": "^15.6.1",
        "react": "^16.3.2"
      }
    },
    "react-minimal-pie-chart": {
      "version": "4.2.0",
      "resolved": "https://registry.npmjs.org/react-minimal-pie-chart/-/react-minimal-pie-chart-4.2.0.tgz",
      "integrity": "sha512-R9ROeE13tmR+R9k2TY7rkhu/YsTCOJI7PHRLpCIiKPXyGAfqxzSxZqBL2Qg6EqV2/Zqv4JJsDp8WPHS1qV9ecA==",
      "requires": {
        "prop-types": "^15.5.7"
      }
    },
    "react-player": {
      "version": "1.11.1",
      "resolved": "https://registry.npmjs.org/react-player/-/react-player-1.11.1.tgz",
      "integrity": "sha512-bS4qls4eICdwklCm/jqjSvYZt1dl07biT8aAiXG9dMZ2s789cZtCDiHdwKP2FH82jHYk5oFfHXy7EL9lMjUfxA==",
      "requires": {
        "deepmerge": "^3.0.0",
        "load-script": "^1.0.0",
        "prop-types": "^15.5.6"
      }
    },
    "react-resize-detector": {
      "version": "7.1.2",
      "resolved": "https://registry.npmjs.org/react-resize-detector/-/react-resize-detector-7.1.2.tgz",
      "integrity": "sha512-zXnPJ2m8+6oq9Nn8zsep/orts9vQv3elrpA+R8XTcW7DVVUJ9vwDwMXaBtykAYjMnkCIaOoK9vObyR7ZgFNlOw==",
      "requires": {
        "lodash": "^4.17.21"
      }
    },
    "react-smooth": {
      "version": "2.0.1",
      "resolved": "https://registry.npmjs.org/react-smooth/-/react-smooth-2.0.1.tgz",
      "integrity": "sha512-Own9TA0GPPf3as4vSwFhDouVfXP15ie/wIHklhyKBH5AN6NFtdk0UpHBnonV11BtqDkAWlt40MOUc+5srmW7NA==",
      "requires": {
        "fast-equals": "^2.0.0",
        "react-transition-group": "2.9.0"
      }
    },
    "react-transition-group": {
      "version": "2.9.0",
      "resolved": "https://registry.npmjs.org/react-transition-group/-/react-transition-group-2.9.0.tgz",
      "integrity": "sha512-+HzNTCHpeQyl4MJ/bdE0u6XRMe9+XG/+aL4mCxVN4DnPBQ0/5bfHWPDuOZUzYdMj94daZaZdCCc1Dzt9R/xSSg==",
      "requires": {
        "dom-helpers": "^3.4.0",
        "loose-envify": "^1.4.0",
        "prop-types": "^15.6.2",
        "react-lifecycles-compat": "^3.0.4"
      }
    },
    "recharts": {
      "version": "2.1.14",
      "resolved": "https://registry.npmjs.org/recharts/-/recharts-2.1.14.tgz",
      "integrity": "sha512-GDmDDPEmRhGb6O41OfJUKh/RFYh3QMtEdaNuXOnVtJN8wiifo41MvIHHzrjf7Vp7/yJYFsGaXnCElzM5H7SPmQ==",
      "requires": {
        "@types/d3-interpolate": "^3.0.1",
        "@types/d3-scale": "^4.0.2",
        "@types/d3-shape": "^3.1.0",
        "classnames": "^2.2.5",
        "d3-interpolate": "^3.0.1",
        "d3-scale": "^4.0.2",
        "d3-shape": "^3.1.0",
        "eventemitter3": "^4.0.1",
        "lodash": "^4.17.19",
        "react-is": "^16.10.2",
        "react-resize-detector": "^7.1.2",
        "react-smooth": "^2.0.1",
        "recharts-scale": "^0.4.4",
        "reduce-css-calc": "^2.1.8"
      },
      "dependencies": {
        "react-is": {
          "version": "16.13.1",
          "resolved": "https://registry.npmjs.org/react-is/-/react-is-16.13.1.tgz",
          "integrity": "sha512-24e6ynE2H+OKt4kqsOvNd8kBpV65zoxbA4BVsEOB3ARVWQki/DHzaUoC5KuON/BiccDaCCTZBuOcfZs70kR8bQ=="
        }
      }
    },
    "recharts-scale": {
      "version": "0.4.5",
      "resolved": "https://registry.npmjs.org/recharts-scale/-/recharts-scale-0.4.5.tgz",
      "integrity": "sha512-kivNFO+0OcUNu7jQquLXAxz1FIwZj8nrj+YkOKc5694NbjCvcT6aSZiIzNzd2Kul4o4rTto8QVR9lMNtxD4G1w==",
      "requires": {
        "decimal.js-light": "^2.4.1"
      }
    },
    "reduce-css-calc": {
      "version": "2.1.8",
      "resolved": "https://registry.npmjs.org/reduce-css-calc/-/reduce-css-calc-2.1.8.tgz",
      "integrity": "sha512-8liAVezDmUcH+tdzoEGrhfbGcP7nOV4NkGE3a74+qqvE7nt9i4sKLGBuZNOnpI4WiGksiNPklZxva80061QiPg==",
      "requires": {
        "css-unit-converter": "^1.1.1",
        "postcss-value-parser": "^3.3.0"
      }
    },
    "regenerator-runtime": {
      "version": "0.13.9",
      "resolved": "https://registry.npmjs.org/regenerator-runtime/-/regenerator-runtime-0.13.9.tgz",
      "integrity": "sha512-p3VT+cOEgxFsRRA9X4lkI1E+k2/CtnKtU4gcxyaCUreilL/vqI6CdZ3wxVUx3UOUg+gnUOQQcRI7BmSI656MYA=="
    },
    "scheduler": {
      "version": "0.13.6",
      "resolved": "https://registry.npmjs.org/scheduler/-/scheduler-0.13.6.tgz",
      "integrity": "sha512-IWnObHt413ucAYKsD9J1QShUKkbKLQQHdxRyw73sw4FN26iWr3DY/H34xGPe4nmL1DwXyWmSWmMrA9TfQbE/XQ==",
      "requires": {
        "loose-envify": "^1.1.0",
        "object-assign": "^4.1.1"
      }
    },
    "svg.draggable.js": {
      "version": "2.2.2",
      "resolved": "https://registry.npmjs.org/svg.draggable.js/-/svg.draggable.js-2.2.2.tgz",
      "integrity": "sha512-JzNHBc2fLQMzYCZ90KZHN2ohXL0BQJGQimK1kGk6AvSeibuKcIdDX9Kr0dT9+UJ5O8nYA0RB839Lhvk4CY4MZw==",
      "requires": {
        "svg.js": "^2.0.1"
      }
    },
    "svg.easing.js": {
      "version": "2.0.0",
      "resolved": "https://registry.npmjs.org/svg.easing.js/-/svg.easing.js-2.0.0.tgz",
      "integrity": "sha1-iqmUawqOJ4V6XEChDrpAkeVpHxI=",
      "requires": {
        "svg.js": ">=2.3.x"
      }
    },
    "svg.filter.js": {
      "version": "2.0.2",
      "resolved": "https://registry.npmjs.org/svg.filter.js/-/svg.filter.js-2.0.2.tgz",
      "integrity": "sha1-kQCOFROJ3ZIwd5/L5uLJo2LRwgM=",
      "requires": {
        "svg.js": "^2.2.5"
      }
    },
    "svg.js": {
      "version": "2.7.1",
      "resolved": "https://registry.npmjs.org/svg.js/-/svg.js-2.7.1.tgz",
      "integrity": "sha512-ycbxpizEQktk3FYvn/8BH+6/EuWXg7ZpQREJvgacqn46gIddG24tNNe4Son6omdXCnSOaApnpZw6MPCBA1dODA=="
    },
    "svg.pathmorphing.js": {
      "version": "0.1.3",
      "resolved": "https://registry.npmjs.org/svg.pathmorphing.js/-/svg.pathmorphing.js-0.1.3.tgz",
      "integrity": "sha512-49HWI9X4XQR/JG1qXkSDV8xViuTLIWm/B/7YuQELV5KMOPtXjiwH4XPJvr/ghEDibmLQ9Oc22dpWpG0vUDDNww==",
      "requires": {
        "svg.js": "^2.4.0"
      }
    },
    "svg.resize.js": {
      "version": "1.4.3",
      "resolved": "https://registry.npmjs.org/svg.resize.js/-/svg.resize.js-1.4.3.tgz",
      "integrity": "sha512-9k5sXJuPKp+mVzXNvxz7U0uC9oVMQrrf7cFsETznzUDDm0x8+77dtZkWdMfRlmbkEEYvUn9btKuZ3n41oNA+uw==",
      "requires": {
        "svg.js": "^2.6.5",
        "svg.select.js": "^2.1.2"
      }
    },
    "svg.select.js": {
      "version": "2.1.2",
      "resolved": "https://registry.npmjs.org/svg.select.js/-/svg.select.js-2.1.2.tgz",
      "integrity": "sha512-tH6ABEyJsAOVAhwcCjF8mw4crjXSI1aa7j2VQR8ZuJ37H2MBUbyeqYr5nEO7sSN3cy9AR9DUwNg0t/962HlDbQ==",
      "requires": {
        "svg.js": "^2.2.5"
      }
    }
  }
}
